// !$*UTF8*$!
{
	archiveVersion = 1;
	classes = {
	};
	objectVersion = 77;
	objects = {

/* Begin PBXBuildFile section */
		CE49AA6A3004BEDC009333D6 /* KakaoSDKUser in Frameworks */ = {isa = PBXBuildFile; productRef = CE49AA693004BEDC009333D6 /* KakaoSDKUser */; };
		CE6491E02FF7FAC20092F2F1 /* KakaoSDK in Frameworks */ = {isa = PBXBuildFile; productRef = CE6491DF2FF7FAC20092F2F1 /* KakaoSDK */; };
		CE6491E22FF7FAC20092F2F1 /* KakaoSDKAuth in Frameworks */ = {isa = PBXBuildFile; productRef = CE6491E12FF7FAC20092F2F1 /* KakaoSDKAuth */; };
		CE6491E82FF7FAC20092F2F1 /* KakaoSDKCommon in Frameworks */ = {isa = PBXBuildFile; productRef = CE6491E72FF7FAC20092F2F1 /* KakaoSDKCommon */; };
		CE6491EB2FF7FB020092F2F1 /* NidThirdPartyLogin in Frameworks */ = {isa = PBXBuildFile; productRef = CE6491EA2FF7FB020092F2F1 /* NidThirdPartyLogin */; };
		CEBB00000000000000000003 /* WebRTC in Frameworks */ = {isa = PBXBuildFile; productRef = CEBB00000000000000000002 /* WebRTC */; };
/* End PBXBuildFile section */

/* Begin PBXContainerItemProxy section */
		CEAA00000000000000000011 /* PBXContainerItemProxy */ = {
			isa = PBXContainerItemProxy;
			containerPortal = CE648D7A2FF61D6A0092F2F1 /* Project object */;
			proxyType = 1;
			remoteGlobalIDString = CE648D812FF61D6A0092F2F1;
			remoteInfo = ChamChamCham;
		};
/* End PBXContainerItemProxy section */

/* Begin PBXFileReference section */
		CE648D822FF61D6A0092F2F1 /* ChamChamCham.app */ = {isa = PBXFileReference; explicitFileType = wrapper.application; includeInIndex = 0; path = ChamChamCham.app; sourceTree = BUILT_PRODUCTS_DIR; };
		CEAA00000000000000000002 /* ChamChamChamTests.xctest */ = {isa = PBXFileReference; explicitFileType = wrapper.cfbundle; includeInIndex = 0; path = ChamChamChamTests.xctest; sourceTree = BUILT_PRODUCTS_DIR; };
/* End PBXFileReference section */

/* Begin PBXFileSystemSynchronizedRootGroup section */
		CE648D842FF61D6A0092F2F1 /* ChamChamCham */ = {
			isa = PBXFileSystemSynchronizedRootGroup;
			path = ChamChamCham;
			sourceTree = "<group>";
		};
		CEAA00000000000000000006 /* ChamChamChamTests */ = {
			isa = PBXFileSystemSynchronizedRootGroup;
			path = ChamChamChamTests;
			sourceTree = "<group>";
		};
/* End PBXFileSystemSynchronizedRootGroup section */

/* Begin PBXFrameworksBuildPhase section */
		CE648D7F2FF61D6A0092F2F1 /* Frameworks */ = {
			isa = PBXFrameworksBuildPhase;
			buildActionMask = 2147483647;
			files = (
				CE6491E02FF7FAC20092F2F1 /* KakaoSDK in Frameworks */,
				CE49AA6A3004BEDC009333D6 /* KakaoSDKUser in Frameworks */,
				CE6491E82FF7FAC20092F2F1 /* KakaoSDKCommon in Frameworks */,
				CE6491E22FF7FAC20092F2F1 /* KakaoSDKAuth in Frameworks */,
				CE6491EB2FF7FB020092F2F1 /* NidThirdPartyLogin in Frameworks */,
				CEBB00000000000000000003 /* WebRTC in Frameworks */,
			);
			runOnlyForDeploymentPostprocessing = 0;
		};
		CEAA00000000000000000004 /* Frameworks */ = {
			isa = PBXFrameworksBuildPhase;
			buildActionMask = 2147483647;
			files = (
			);
			runOnlyForDeploymentPostprocessing = 0;
		};
/* End PBXFrameworksBuildPhase section */

/* Begin PBXGroup section */
		CE49AA683004BEDC009333D6 /* Frameworks */ = {
			isa = PBXGroup;
			children = (
			);
			name = Frameworks;
			sourceTree = "<group>";
		};
		CE648D792FF61D6A0092F2F1 = {
			isa = PBXGroup;
			children = (
				CE648D842FF61D6A0092F2F1 /* ChamChamCham */,
				CEAA00000000000000000006 /* ChamChamChamTests */,
				CE49AA683004BEDC009333D6 /* Frameworks */,
				CE648D832FF61D6A0092F2F1 /* Products */,
			);
			sourceTree = "<group>";
		};
		CE648D832FF61D6A0092F2F1 /* Products */ = {
			isa = PBXGroup;
			children = (
				CE648D822FF61D6A0092F2F1 /* ChamChamCham.app */,
				CEAA00000000000000000002 /* ChamChamChamTests.xctest */,
			);
			name = Products;
			sourceTree = "<group>";
		};
/* End PBXGroup section */

/* Begin PBXNativeTarget section */
		CE648D812FF61D6A0092F2F1 /* ChamChamCham */ = {
			isa = PBXNativeTarget;
			buildConfigurationList = CE648D8D2FF61D6C0092F2F1 /* Build configuration list for PBXNativeTarget "ChamChamCham" */;
			buildPhases = (
				CE648D7E2FF61D6A0092F2F1 /* Sources */,
				CE648D7F2FF61D6A0092F2F1 /* Frameworks */,
				CE648D802FF61D6A0092F2F1 /* Resources */,
			);
			buildRules = (
			);
			dependencies = (
			);
			fileSystemSynchronizedGroups = (
				CE648D842FF61D6A0092F2F1 /* ChamChamCham */,
			);
			name = ChamChamCham;
			packageProductDependencies = (
				CE6491DF2FF7FAC20092F2F1 /* KakaoSDK */,
				CE6491E12FF7FAC20092F2F1 /* KakaoSDKAuth */,
				CE6491E72FF7FAC20092F2F1 /* KakaoSDKCommon */,
				CE6491EA2FF7FB020092F2F1 /* NidThirdPartyLogin */,
				CE49AA693004BEDC009333D6 /* KakaoSDKUser */,
				CEBB00000000000000000002 /* WebRTC */,
			);
			productName = ChamChamCham;
			productReference = CE648D822FF61D6A0092F2F1 /* ChamChamCham.app */;
			productType = "com.apple.product-type.application";
		};
		CEAA00000000000000000001 /* ChamChamChamTests */ = {
			isa = PBXNativeTarget;
			buildConfigurationList = CEAA00000000000000000007 /* Build configuration list for PBXNativeTarget "ChamChamChamTests" */;
			buildPhases = (
				CEAA00000000000000000003 /* Sources */,
				CEAA00000000000000000004 /* Frameworks */,
				CEAA00000000000000000005 /* Resources */,
			);
			buildRules = (
			);
			dependencies = (
				CEAA00000000000000000010 /* PBXTargetDependency */,
			);
			fileSystemSynchronizedGroups = (
				CEAA00000000000000000006 /* ChamChamChamTests */,
			);
			name = ChamChamChamTests;
			packageProductDependencies = (
			);
			productName = ChamChamChamTests;
			productReference = CEAA00000000000000000002 /* ChamChamChamTests.xctest */;
			productType = "com.apple.product-type.bundle.unit-test";
		};
/* End PBXNativeTarget section */

/* Begin PBXProject section */
		CE648D7A2FF61D6A0092F2F1 /* Project object */ = {
			isa = PBXProject;
			attributes = {
				BuildIndependentTargetsInParallel = 1;
				LastSwiftUpdateCheck = 2620;
				LastUpgradeCheck = 2620;
				TargetAttributes = {
					CE648D812FF61D6A0092F2F1 = {
						CreatedOnToolsVersion = 26.2;
					};
					CEAA00000000000000000001 = {
						CreatedOnToolsVersion = 26.2;
						TestTargetID = CE648D812FF61D6A0092F2F1;
					};
				};
			};
			buildConfigurationList = CE648D7D2FF61D6A0092F2F1 /* Build configuration list for PBXProject "ChamChamCham" */;
			developmentRegion = en;
			hasScannedForEncodings = 0;
			knownRegions = (
				en,
				Base,
			);
			mainGroup = CE648D792FF61D6A0092F2F1;
			minimizedProjectReferenceProxies = 1;
			packageReferences = (
				CE6491DE2FF7FAC20092F2F1 /* XCRemoteSwiftPackageReference "kakao-ios-sdk" */,
				CE6491E92FF7FB020092F2F1 /* XCRemoteSwiftPackageReference "naveridlogin-sdk-ios-swift" */,
				CEBB00000000000000000001 /* XCRemoteSwiftPackageReference "WebRTC" */,
			);
			preferredProjectObjectVersion = 77;
			productRefGroup = CE648D832FF61D6A0092F2F1 /* Products */;
			projectDirPath = "";
			projectRoot = "";
			targets = (
				CE648D812FF61D6A0092F2F1 /* ChamChamCham */,
				CEAA00000000000000000001 /* ChamChamChamTests */,
			);
		};
/* End PBXProject section */

/* Begin PBXResourcesBuildPhase section */
		CE648D802FF61D6A0092F2F1 /* Resources */ = {
			isa = PBXResourcesBuildPhase;
			buildActionMask = 2147483647;
			files = (
			);
			runOnlyForDeploymentPostprocessing = 0;
		};
		CEAA00000000000000000005 /* Resources */ = {
			isa = PBXResourcesBuildPhase;
			buildActionMask = 2147483647;
			files = (
			);
			runOnlyForDeploymentPostprocessing = 0;
		};
/* End PBXResourcesBuildPhase section */

/* Begin PBXSourcesBuildPhase section */
		CE648D7E2FF61D6A0092F2F1 /* Sources */ = {
			isa = PBXSourcesBuildPhase;
			buildActionMask = 2147483647;
			files = (
			);
			runOnlyForDeploymentPostprocessing = 0;
		};
		CEAA00000000000000000003 /* Sources */ = {
			isa = PBXSourcesBuildPhase;
			buildActionMask = 2147483647;
			files = (
			);
			runOnlyForDeploymentPostprocessing = 0;
		};
/* End PBXSourcesBuildPhase section */

/* Begin PBXTargetDependency section */
		CEAA00000000000000000010 /* PBXTargetDependency */ = {
			isa = PBXTargetDependency;
			target = CE648D812FF61D6A0092F2F1 /* ChamChamCham */;
			targetProxy = CEAA00000000000000000011 /* PBXContainerItemProxy */;
		};
/* End PBXTargetDependency section */

/* Begin XCBuildConfiguration section */
		CE648D8B2FF61D6C0092F2F1 /* Debug */ = {
			isa = XCBuildConfiguration;
			buildSettings = {
				ALWAYS_SEARCH_USER_PATHS = NO;
				ASSETCATALOG_COMPILER_GENERATE_SWIFT_ASSET_SYMBOL_EXTENSIONS = YES;
				CLANG_ANALYZER_NONNULL = YES;
				CLANG_ANALYZER_NUMBER_OBJECT_CONVERSION = YES_AGGRESSIVE;
				CLANG_CXX_LANGUAGE_STANDARD = "gnu++20";
				CLANG_ENABLE_MODULES = YES;
				CLANG_ENABLE_OBJC_ARC = YES;
				CLANG_ENABLE_OBJC_WEAK = YES;
				CLANG_WARN_BLOCK_CAPTURE_AUTORELEASING = YES;
				CLANG_WARN_BOOL_CONVERSION = YES;
				CLANG_WARN_COMMA = YES;
				CLANG_WARN_CONSTANT_CONVERSION = YES;
				CLANG_WARN_DEPRECATED_OBJC_IMPLEMENTATIONS = YES;
				CLANG_WARN_DIRECT_OBJC_ISA_USAGE = YES_ERROR;
				CLANG_WARN_DOCUMENTATION_COMMENTS = YES;
				CLANG_WARN_EMPTY_BODY = YES;
				CLANG_WARN_ENUM_CONVERSION = YES;
				CLANG_WARN_INFINITE_RECURSION = YES;
				CLANG_WARN_INT_CONVERSION = YES;
				CLANG_WARN_NON_LITERAL_NULL_CONVERSION = YES;
				CLANG_WARN_OBJC_IMPLICIT_RETAIN_SELF = YES;
				CLANG_WARN_OBJC_LITERAL_CONVERSION = YES;
				CLANG_WARN_OBJC_ROOT_CLASS = YES_ERROR;
				CLANG_WARN_QUOTED_INCLUDE_IN_FRAMEWORK_HEADER = YES;
				CLANG_WARN_RANGE_LOOP_ANALYSIS = YES;
				CLANG_WARN_STRICT_PROTOTYPES = YES;
				CLANG_WARN_SUSPICIOUS_MOVE = YES;
				CLANG_WARN_UNGUARDED_AVAILABILITY = YES_AGGRESSIVE;
				CLANG_WARN_UNREACHABLE_CODE = YES;
				CLANG_WARN__DUPLICATE_METHOD_MATCH = YES;
				COPY_PHASE_STRIP = NO;
				DEBUG_INFORMATION_FORMAT = dwarf;
				DEVELOPMENT_TEAM = 285ZKW5MPR;
				ENABLE_STRICT_OBJC_MSGSEND = YES;
				ENABLE_TESTABILITY = YES;
				ENABLE_USER_SCRIPT_SANDBOXING = YES;
				GCC_C_LANGUAGE_STANDARD = gnu17;
				GCC_DYNAMIC_NO_PIC = NO;
				GCC_NO_COMMON_BLOCKS = YES;
				GCC_OPTIMIZATION_LEVEL = 0;
				GCC_PREPROCESSOR_DEFINITIONS = (
					"DEBUG=1",
					"$(inherited)",
				);
				GCC_WARN_64_TO_32_BIT_CONVERSION = YES;
				GCC_WARN_ABOUT_RETURN_TYPE = YES_ERROR;
				GCC_WARN_UNDECLARED_SELECTOR = YES;
				GCC_WARN_UNINITIALIZED_AUTOS = YES_AGGRESSIVE;
				GCC_WARN_UNUSED_FUNCTION = YES;
				GCC_WARN_UNUSED_VARIABLE = YES;
				IPHONEOS_DEPLOYMENT_TARGET = 17.0;
				LOCALIZATION_PREFERS_STRING_CATALOGS = YES;
				MTL_ENABLE_DEBUG_INFO = INCLUDE_SOURCE;
				MTL_FAST_MATH = YES;
				ONLY_ACTIVE_ARCH = YES;
				SDKROOT = iphoneos;
				SWIFT_ACTIVE_COMPILATION_CONDITIONS = "DEBUG $(inherited)";
				SWIFT_OPTIMIZATION_LEVEL = "-Onone";
			};
			name = Debug;
		};
		CE648D8C2FF61D6C0092F2F1 /* Release */ = {
			isa = XCBuildConfiguration;
			buildSettings = {
				ALWAYS_SEARCH_USER_PATHS = NO;
				ASSETCATALOG_COMPILER_GENERATE_SWIFT_ASSET_SYMBOL_EXTENSIONS = YES;
				CLANG_ANALYZER_NONNULL = YES;
				CLANG_ANALYZER_NUMBER_OBJECT_CONVERSION = YES_AGGRESSIVE;
				CLANG_CXX_LANGUAGE_STANDARD = "gnu++20";
				CLANG_ENABLE_MODULES = YES;
				CLANG_ENABLE_OBJC_ARC = YES;
				CLANG_ENABLE_OBJC_WEAK = YES;
				CLANG_WARN_BLOCK_CAPTURE_AUTORELEASING = YES;
				CLANG_WARN_BOOL_CONVERSION = YES;
				CLANG_WARN_COMMA = YES;
				CLANG_WARN_CONSTANT_CONVERSION = YES;
				CLANG_WARN_DEPRECATED_OBJC_IMPLEMENTATIONS = YES;
				CLANG_WARN_DIRECT_OBJC_ISA_USAGE = YES_ERROR;
				CLANG_WARN_DOCUMENTATION_COMMENTS = YES;
				CLANG_WARN_EMPTY_BODY = YES;
				CLANG_WARN_ENUM_CONVERSION = YES;
				CLANG_WARN_INFINITE_RECURSION = YES;
				CLANG_WARN_INT_CONVERSION = YES;
				CLANG_WARN_NON_LITERAL_NULL_CONVERSION = YES;
				CLANG_WARN_OBJC_IMPLICIT_RETAIN_SELF = YES;
				CLANG_WARN_OBJC_LITERAL_CONVERSION = YES;
				CLANG_WARN_OBJC_ROOT_CLASS = YES_ERROR;
				CLANG_WARN_QUOTED_INCLUDE_IN_FRAMEWORK_HEADER = YES;
				CLANG_WARN_RANGE_LOOP_ANALYSIS = YES;
				CLANG_WARN_STRICT_PROTOTYPES = YES;
				CLANG_WARN_SUSPICIOUS_MOVE = YES;
				CLANG_WARN_UNGUARDED_AVAILABILITY = YES_AGGRESSIVE;
				CLANG_WARN_UNREACHABLE_CODE = YES;
				CLANG_WARN__DUPLICATE_METHOD_MATCH = YES;
				COPY_PHASE_STRIP = NO;
				DEBUG_INFORMATION_FORMAT = "dwarf-with-dsym";
				DEVELOPMENT_TEAM = 285ZKW5MPR;
				ENABLE_NS_ASSERTIONS = NO;
				ENABLE_STRICT_OBJC_MSGSEND = YES;
				ENABLE_USER_SCRIPT_SANDBOXING = YES;
				GCC_C_LANGUAGE_STANDARD = gnu17;
				GCC_NO_COMMON_BLOCKS = YES;
				GCC_WARN_64_TO_32_BIT_CONVERSION = YES;
				GCC_WARN_ABOUT_RETURN_TYPE = YES_ERROR;
				GCC_WARN_UNDECLARED_SELECTOR = YES;
				GCC_WARN_UNINITIALIZED_AUTOS = YES_AGGRESSIVE;
				GCC_WARN_UNUSED_FUNCTION = YES;
				GCC_WARN_UNUSED_VARIABLE = YES;
				IPHONEOS_DEPLOYMENT_TARGET = 17.0;
				LOCALIZATION_PREFERS_STRING_CATALOGS = YES;
				MTL_ENABLE_DEBUG_INFO = NO;
				MTL_FAST_MATH = YES;
				SDKROOT = iphoneos;
				SWIFT_COMPILATION_MODE = wholemodule;
				VALIDATE_PRODUCT = YES;
			};
			name = Release;
		};
		CE648D8E2FF61D6C0092F2F1 /* Debug */ = {
			isa = XCBuildConfiguration;
			buildSettings = {
				ASSETCATALOG_COMPILER_APPICON_NAME = AppIcon;
				ASSETCATALOG_COMPILER_GLOBAL_ACCENT_COLOR_NAME = AccentColor;
				CODE_SIGN_ENTITLEMENTS = ChamChamCham/ChamChamCham.entitlements;
				CODE_SIGN_STYLE = Automatic;
				CURRENT_PROJECT_VERSION = 1;
				DEVELOPMENT_TEAM = 285ZKW5MPR;
				ENABLE_PREVIEWS = YES;
				GENERATE_INFOPLIST_FILE = YES;
				INFOPLIST_FILE = "Info-Additions.plist";
				INFOPLIST_KEY_ITSAppUsesNonExemptEncryption = NO;
				INFOPLIST_KEY_UIApplicationSceneManifest_Generation = YES;
				INFOPLIST_KEY_UIApplicationSupportsIndirectInputEvents = YES;
				INFOPLIST_KEY_UILaunchScreen_Generation = YES;
				INFOPLIST_KEY_UISupportedInterfaceOrientations = UIInterfaceOrientationPortrait;
				INFOPLIST_KEY_UISupportedInterfaceOrientations_iPad = "UIInterfaceOrientationLandscapeLeft UIInterfaceOrientationLandscapeRight UIInterfaceOrientationPortrait UIInterfaceOrientationPortraitUpsideDown";
				INFOPLIST_KEY_UIUserInterfaceStyle = Light;
				LD_RUNPATH_SEARCH_PATHS = (
					"$(inherited)",
					"@executable_path/Frameworks",
				);
				MARKETING_VERSION = 1.0;
				PRODUCT_BUNDLE_IDENTIFIER = me.GodsMove.ChamChamCham;
				PRODUCT_NAME = "$(TARGET_NAME)";
				STRING_CATALOG_GENERATE_SYMBOLS = YES;
				SUPPORTED_PLATFORMS = "iphoneos iphonesimulator";
				SUPPORTS_MACCATALYST = NO;
				SUPPORTS_XR_DESIGNED_FOR_IPHONE_IPAD = NO;
				SWIFT_APPROACHABLE_CONCURRENCY = YES;
				SWIFT_DEFAULT_ACTOR_ISOLATION = nonisolated;
				SWIFT_EMIT_LOC_STRINGS = YES;
				SWIFT_UPCOMING_FEATURE_MEMBER_IMPORT_VISIBILITY = YES;
				SWIFT_VERSION = 6.0;
				TARGETED_DEVICE_FAMILY = 1;
			};
			name = Debug;
		};
		CE648D8F2FF61D6C0092F2F1 /* Release */ = {
			isa = XCBuildConfiguration;
			buildSettings = {
				ASSETCATALOG_COMPILER_APPICON_NAME = AppIcon;
				ASSETCATALOG_COMPILER_GLOBAL_ACCENT_COLOR_NAME = AccentColor;
				CODE_SIGN_ENTITLEMENTS = ChamChamCham/ChamChamCham.entitlements;
				CODE_SIGN_STYLE = Automatic;
				CURRENT_PROJECT_VERSION = 1;
				DEVELOPMENT_TEAM = 285ZKW5MPR;
				ENABLE_PREVIEWS = YES;
				GENERATE_INFOPLIST_FILE = YES;
				INFOPLIST_FILE = "Info-Additions.plist";
				INFOPLIST_KEY_ITSAppUsesNonExemptEncryption = NO;
				INFOPLIST_KEY_UIApplicationSceneManifest_Generation = YES;
				INFOPLIST_KEY_UIApplicationSupportsIndirectInputEvents = YES;
				INFOPLIST_KEY_UILaunchScreen_Generation = YES;
				INFOPLIST_KEY_UISupportedInterfaceOrientations = UIInterfaceOrientationPortrait;
				INFOPLIST_KEY_UISupportedInterfaceOrientations_iPad = "UIInterfaceOrientationLandscapeLeft UIInterfaceOrientationLandscapeRight UIInterfaceOrientationPortrait UIInterfaceOrientationPortraitUpsideDown";
				INFOPLIST_KEY_UIUserInterfaceStyle = Light;
				LD_RUNPATH_SEARCH_PATHS = (
					"$(inherited)",
					"@executable_path/Frameworks",
				);
				MARKETING_VERSION = 1.0;
				PRODUCT_BUNDLE_IDENTIFIER = me.GodsMove.ChamChamCham;
				PRODUCT_NAME = "$(TARGET_NAME)";
				STRING_CATALOG_GENERATE_SYMBOLS = YES;
				SUPPORTED_PLATFORMS = "iphoneos iphonesimulator";
				SUPPORTS_MACCATALYST = NO;
				SUPPORTS_XR_DESIGNED_FOR_IPHONE_IPAD = NO;
				SWIFT_APPROACHABLE_CONCURRENCY = YES;
				SWIFT_DEFAULT_ACTOR_ISOLATION = nonisolated;
				SWIFT_EMIT_LOC_STRINGS = YES;
				SWIFT_UPCOMING_FEATURE_MEMBER_IMPORT_VISIBILITY = YES;
				SWIFT_VERSION = 6.0;
				TARGETED_DEVICE_FAMILY = 1;
			};
			name = Release;
		};
		CEAA00000000000000000008 /* Debug */ = {
			isa = XCBuildConfiguration;
			buildSettings = {
				BUNDLE_LOADER = "$(TEST_HOST)";
				CODE_SIGN_STYLE = Automatic;
				CURRENT_PROJECT_VERSION = 1;
				DEVELOPMENT_TEAM = 285ZKW5MPR;
				GENERATE_INFOPLIST_FILE = YES;
				IPHONEOS_DEPLOYMENT_TARGET = 17.0;
				MARKETING_VERSION = 1.0;
				PRODUCT_BUNDLE_IDENTIFIER = me.GodsMove.ChamChamChamTests;
				PRODUCT_NAME = "$(TARGET_NAME)";
				SWIFT_APPROACHABLE_CONCURRENCY = YES;
				SWIFT_DEFAULT_ACTOR_ISOLATION = nonisolated;
				SWIFT_EMIT_LOC_STRINGS = NO;
				SWIFT_UPCOMING_FEATURE_MEMBER_IMPORT_VISIBILITY = YES;
				SWIFT_VERSION = 6.0;
				TARGETED_DEVICE_FAMILY = 1;
				TEST_HOST = "$(BUILT_PRODUCTS_DIR)/ChamChamCham.app/$(BUNDLE_EXECUTABLE_FOLDER_PATH)/ChamChamCham";
			};
			name = Debug;
		};
		CEAA00000000000000000009 /* Release */ = {
			isa = XCBuildConfiguration;
			buildSettings = {
				BUNDLE_LOADER = "$(TEST_HOST)";
				CODE_SIGN_STYLE = Automatic;
				CURRENT_PROJECT_VERSION = 1;
				DEVELOPMENT_TEAM = 285ZKW5MPR;
				GENERATE_INFOPLIST_FILE = YES;
				IPHONEOS_DEPLOYMENT_TARGET = 17.0;
				MARKETING_VERSION = 1.0;
				PRODUCT_BUNDLE_IDENTIFIER = me.GodsMove.ChamChamChamTests;
				PRODUCT_NAME = "$(TARGET_NAME)";
				SWIFT_APPROACHABLE_CONCURRENCY = YES;
				SWIFT_DEFAULT_ACTOR_ISOLATION = nonisolated;
				SWIFT_EMIT_LOC_STRINGS = NO;
				SWIFT_UPCOMING_FEATURE_MEMBER_IMPORT_VISIBILITY = YES;
				SWIFT_VERSION = 6.0;
				TARGETED_DEVICE_FAMILY = 1;
				TEST_HOST = "$(BUILT_PRODUCTS_DIR)/ChamChamCham.app/$(BUNDLE_EXECUTABLE_FOLDER_PATH)/ChamChamCham";
			};
			name = Release;
		};
/* End XCBuildConfiguration section */

/* Begin XCConfigurationList section */
		CE648D7D2FF61D6A0092F2F1 /* Build configuration list for PBXProject "ChamChamCham" */ = {
			isa = XCConfigurationList;
			buildConfigurations = (
				CE648D8B2FF61D6C0092F2F1 /* Debug */,
				CE648D8C2FF61D6C0092F2F1 /* Release */,
			);
			defaultConfigurationIsVisible = 0;
			defaultConfigurationName = Release;
		};
		CE648D8D2FF61D6C0092F2F1 /* Build configuration list for PBXNativeTarget "ChamChamCham" */ = {
			isa = XCConfigurationList;
			buildConfigurations = (
				CE648D8E2FF61D6C0092F2F1 /* Debug */,
				CE648D8F2FF61D6C0092F2F1 /* Release */,
			);
			defaultConfigurationIsVisible = 0;
			defaultConfigurationName = Release;
		};
		CEAA00000000000000000007 /* Build configuration list for PBXNativeTarget "ChamChamChamTests" */ = {
			isa = XCConfigurationList;
			buildConfigurations = (
				CEAA00000000000000000008 /* Debug */,
				CEAA00000000000000000009 /* Release */,
			);
			defaultConfigurationIsVisible = 0;
			defaultConfigurationName = Release;
		};
/* End XCConfigurationList section */

/* Begin XCRemoteSwiftPackageReference section */
		CE6491DE2FF7FAC20092F2F1 /* XCRemoteSwiftPackageReference "kakao-ios-sdk" */ = {
			isa = XCRemoteSwiftPackageReference;
			repositoryURL = "https://github.com/kakao/kakao-ios-sdk.git";
			requirement = {
				kind = upToNextMajorVersion;
				minimumVersion = 2.28.0;
			};
		};
		CE6491E92FF7FB020092F2F1 /* XCRemoteSwiftPackageReference "naveridlogin-sdk-ios-swift" */ = {
			isa = XCRemoteSwiftPackageReference;
			repositoryURL = "https://github.com/naver/naveridlogin-sdk-ios-swift.git";
			requirement = {
				kind = upToNextMajorVersion;
				minimumVersion = 5.1.0;
			};
		};
		CEBB00000000000000000001 /* XCRemoteSwiftPackageReference "WebRTC" */ = {
			isa = XCRemoteSwiftPackageReference;
			repositoryURL = "https://github.com/stasel/WebRTC.git";
			requirement = {
				kind = exactVersion;
				version = 150.0.0;
			};
		};
/* End XCRemoteSwiftPackageReference section */

/* Begin XCSwiftPackageProductDependency section */
		CE49AA693004BEDC009333D6 /* KakaoSDKUser */ = {
			isa = XCSwiftPackageProductDependency;
			package = CE6491DE2FF7FAC20092F2F1 /* XCRemoteSwiftPackageReference "kakao-ios-sdk" */;
			productName = KakaoSDKUser;
		};
		CE6491DF2FF7FAC20092F2F1 /* KakaoSDK */ = {
			isa = XCSwiftPackageProductDependency;
			package = CE6491DE2FF7FAC20092F2F1 /* XCRemoteSwiftPackageReference "kakao-ios-sdk" */;
			productName = KakaoSDK;
		};
		CE6491E12FF7FAC20092F2F1 /* KakaoSDKAuth */ = {
			isa = XCSwiftPackageProductDependency;
			package = CE6491DE2FF7FAC20092F2F1 /* XCRemoteSwiftPackageReference "kakao-ios-sdk" */;
			productName = KakaoSDKAuth;
		};
		CE6491E72FF7FAC20092F2F1 /* KakaoSDKCommon */ = {
			isa = XCSwiftPackageProductDependency;
			package = CE6491DE2FF7FAC20092F2F1 /* XCRemoteSwiftPackageReference "kakao-ios-sdk" */;
			productName = KakaoSDKCommon;
		};
		CE6491EA2FF7FB020092F2F1 /* NidThirdPartyLogin */ = {
			isa = XCSwiftPackageProductDependency;
			package = CE6491E92FF7FB020092F2F1 /* XCRemoteSwiftPackageReference "naveridlogin-sdk-ios-swift" */;
			productName = NidThirdPartyLogin;
		};
		CEBB00000000000000000002 /* WebRTC */ = {
			isa = XCSwiftPackageProductDependency;
			package = CEBB00000000000000000001 /* XCRemoteSwiftPackageReference "WebRTC" */;
			productName = WebRTC;
		};
/* End XCSwiftPackageProductDependency section */
	};
	rootObject = CE648D7A2FF61D6A0092F2F1 /* Project object */;
}
